// !$*UTF8*$!
{
	archiveVersion = 1;
	classes = {
	};
	objectVersion = 56;
	objects = {

/* Begin PBXBuildFile section */
		BF394AC12C528BB8009C9945 /* RegistrationView.swift in Sources */ = {isa = PBXBuildFile; fileRef = BF394AC02C528BB8009C9945 /* RegistrationView.swift */; };
		BF394AC32C528BD1009C9945 /* RegistrationViewController.swift in Sources */ = {isa = PBXBuildFile; fileRef = BF394AC22C528BD1009C9945 /* RegistrationViewController.swift */; };
		BF394AC52C528C03009C9945 /* RegistrationViewModel.swift in Sources */ = {isa = PBXBuildFile; fileRef = BF394AC42C528C03009C9945 /* RegistrationViewModel.swift */; };
		BF394AC72C529415009C9945 /* RegistrationConfirmationViewController.swift in Sources */ = {isa = PBXBuildFile; fileRef = BF394AC62C529415009C9945 /* RegistrationConfirmationViewController.swift */; };
		BF394AC92C529428009C9945 /* RegistrationConfirmationView.swift in Sources */ = {isa = PBXBuildFile; fileRef = BF394AC82C529428009C9945 /* RegistrationConfirmationView.swift */; };
		BF394ADA2C5A8979009C9945 /* RegistrationConfirmationViewModel.swift in Sources */ = {isa = PBXBuildFile; fileRef = BF394AD92C5A8979009C9945 /* RegistrationConfirmationViewModel.swift */; };
		BF394ADD2C5A89D1009C9945 /* SwiftMessages in Frameworks */ = {isa = PBXBuildFile; productRef = BF394ADC2C5A89D1009C9945 /* SwiftMessages */; };
		BF394AE62C5D17A4009C9945 /* ForgotPasswordView.swift in Sources */ = {isa = PBXBuildFile; fileRef = BF394AE52C5D17A4009C9945 /* ForgotPasswordView.swift */; };
		BF394AE82C5D17B8009C9945 /* ForgotPasswordViewController.swift in Sources */ = {isa = PBXBuildFile; fileRef = BF394AE72C5D17B8009C9945 /* ForgotPasswordViewController.swift */; };
		BF394AEA2C5D17D0009C9945 /* ForgotPasswordViewModel.swift in Sources */ = {isa = PBXBuildFile; fileRef = BF394AE92C5D17D0009C9945 /* ForgotPasswordViewModel.swift */; };
		BF43DB742C4A3802006FDB0D /* SignInView.swift in Sources */ = {isa = PBXBuildFile; fileRef = BF43DB732C4A3802006FDB0D /* SignInView.swift */; };
		BF43DB762C4A3817006FDB0D /* SignInViewController.swift in Sources */ = {isa = PBXBuildFile; fileRef = BF43DB752C4A3817006FDB0D /* SignInViewController.swift */; };
		BF43DB782C4A3A8C006FDB0D /* GoogleService-Info.plist in Resources */ = {isa = PBXBuildFile; fileRef = BF43DB772C4A3A8C006FDB0D /* GoogleService-Info.plist */; };
		BF43DB7A2C4A57BC006FDB0D /* FirebaseAnalytics in Frameworks */ = {isa = PBXBuildFile; productRef = BF43DB792C4A57BC006FDB0D /* FirebaseAnalytics */; };
		BF43DB7C2C4A57BC006FDB0D /* FirebaseAnalyticsOnDeviceConversion in Frameworks */ = {isa = PBXBuildFile; productRef = BF43DB7B2C4A57BC006FDB0D /* FirebaseAnalyticsOnDeviceConversion */; };
		BF43DB7E2C4A57BC006FDB0D /* FirebaseAnalyticsSwift in Frameworks */ = {isa = PBXBuildFile; productRef = BF43DB7D2C4A57BC006FDB0D /* FirebaseAnalyticsSwift */; };
		BF43DB802C4A57BC006FDB0D /* FirebaseAnalyticsWithoutAdIdSupport in Frameworks */ = {isa = PBXBuildFile; productRef = BF43DB7F2C4A57BC006FDB0D /* FirebaseAnalyticsWithoutAdIdSupport */; };
		BF43DB822C4A57BC006FDB0D /* FirebaseAppCheck in Frameworks */ = {isa = PBXBuildFile; productRef = BF43DB812C4A57BC006FDB0D /* FirebaseAppCheck */; };
		BF43DB842C4A5911006FDB0D /* FirebaseAuth in Frameworks */ = {isa = PBXBuildFile; productRef = BF43DB832C4A5911006FDB0D /* FirebaseAuth */; };
		BF43DB862C4AB84B006FDB0D /* SignInViewModel.swift in Sources */ = {isa = PBXBuildFile; fileRef = BF43DB852C4AB84B006FDB0D /* SignInViewModel.swift */; };
		BF54BA462C3BB5CE00D8837E /* AddBabyView.swift in Sources */ = {isa = PBXBuildFile; fileRef = BF54BA452C3BB5CE00D8837E /* AddBabyView.swift */; };
		BF54BA482C3BB60C00D8837E /* AddBabyViewController.swift in Sources */ = {isa = PBXBuildFile; fileRef = BF54BA472C3BB60C00D8837E /* AddBabyViewController.swift */; };
		BF54BA4A2C3BBCFE00D8837E /* AppColors.swift in Sources */ = {isa = PBXBuildFile; fileRef = BF54BA492C3BBCFE00D8837E /* AppColors.swift */; };
		BF54BA4E2C3D9BBE00D8837E /* LabeledTextFieldView.swift in Sources */ = {isa = PBXBuildFile; fileRef = BF54BA4D2C3D9BBE00D8837E /* LabeledTextFieldView.swift */; };
		BF54BA502C3FF16600D8837E /* DatePickerView.swift in Sources */ = {isa = PBXBuildFile; fileRef = BF54BA4F2C3FF16600D8837E /* DatePickerView.swift */; };
		BF5BE7242C36F5CA00F946E7 /* UserDefaultsKeys.swift in Sources */ = {isa = PBXBuildFile; fileRef = BF5BE7232C36F5CA00F946E7 /* UserDefaultsKeys.swift */; };
		BF5BE7262C383E6A00F946E7 /* TabBarFactory.swift in Sources */ = {isa = PBXBuildFile; fileRef = BF5BE7252C383E6A00F946E7 /* TabBarFactory.swift */; };
		BF69D1222C21872A0005B63B /* AppDelegate.swift in Sources */ = {isa = PBXBuildFile; fileRef = BF69D1212C21872A0005B63B /* AppDelegate.swift */; };
		BF69D1242C21872A0005B63B /* SceneDelegate.swift in Sources */ = {isa = PBXBuildFile; fileRef = BF69D1232C21872A0005B63B /* SceneDelegate.swift */; };
		BF69D12B2C21872D0005B63B /* Assets.xcassets in Resources */ = {isa = PBXBuildFile; fileRef = BF69D12A2C21872D0005B63B /* Assets.xcassets */; };
		BF69D12E2C21872D0005B63B /* Base in Resources */ = {isa = PBXBuildFile; fileRef = BF69D12D2C21872D0005B63B /* Base */; };
		BF69D1572C276D9B0005B63B /* OnboardingPageView.swift in Sources */ = {isa = PBXBuildFile; fileRef = BF69D1562C276D9B0005B63B /* OnboardingPageView.swift */; };
		BF69D1592C2772B90005B63B /* OnboardingPageViewController.swift in Sources */ = {isa = PBXBuildFile; fileRef = BF69D1582C2772B90005B63B /* OnboardingPageViewController.swift */; };
		BF69D15C2C2774E80005B63B /* OnboardingPageModel.swift in Sources */ = {isa = PBXBuildFile; fileRef = BF69D15B2C2774E80005B63B /* OnboardingPageModel.swift */; };
		BF69D15E2C27750F0005B63B /* OnboardingPageViewModel.swift in Sources */ = {isa = PBXBuildFile; fileRef = BF69D15D2C27750F0005B63B /* OnboardingPageViewModel.swift */; };
		BF69D1612C2777570005B63B /* OnboardingData.swift in Sources */ = {isa = PBXBuildFile; fileRef = BF69D1602C2777560005B63B /* OnboardingData.swift */; };
		BF69D1642C28977D0005B63B /* OnboardingViewController.swift in Sources */ = {isa = PBXBuildFile; fileRef = BF69D1632C28977D0005B63B /* OnboardingViewController.swift */; };
		BF69D1662C28982E0005B63B /* OnboardingView.swift in Sources */ = {isa = PBXBuildFile; fileRef = BF69D1652C28982E0005B63B /* OnboardingView.swift */; };
		BF69D1682C29EBA90005B63B /* OnboardingModel.swift in Sources */ = {isa = PBXBuildFile; fileRef = BF69D1672C29EBA90005B63B /* OnboardingModel.swift */; };
		BF69D16A2C29EBCC0005B63B /* OnboardingViewModel.swift in Sources */ = {isa = PBXBuildFile; fileRef = BF69D1692C29EBCC0005B63B /* OnboardingViewModel.swift */; };
		BF69D16C2C2EFE3D0005B63B /* Localizable.xcstrings in Resources */ = {isa = PBXBuildFile; fileRef = BF69D16B2C2EFE3D0005B63B /* Localizable.xcstrings */; };
		BF9B46282C358F2200537669 /* TabBarViewController.swift in Sources */ = {isa = PBXBuildFile; fileRef = BF9B46272C358F2200537669 /* TabBarViewController.swift */; };
		BF9B462E2C35949300537669 /* SleepView.swift in Sources */ = {isa = PBXBuildFile; fileRef = BF9B462D2C35949300537669 /* SleepView.swift */; };
		BF9B46302C35957900537669 /* StatisticsView.swift in Sources */ = {isa = PBXBuildFile; fileRef = BF9B462F2C35957900537669 /* StatisticsView.swift */; };
		BF9B46322C3595B100537669 /* SleepViewController.swift in Sources */ = {isa = PBXBuildFile; fileRef = BF9B46312C3595B100537669 /* SleepViewController.swift */; };
		BF9B46342C35963800537669 /* StatisticsViewController.swift in Sources */ = {isa = PBXBuildFile; fileRef = BF9B46332C35963800537669 /* StatisticsViewController.swift */; };
		BF9B46432C367ACE00537669 /* AppRouter.swift in Sources */ = {isa = PBXBuildFile; fileRef = BF9B46422C367ACE00537669 /* AppRouter.swift */; };
		BFAECBBF2C4525B10064D62E /* LoadingView.swift in Sources */ = {isa = PBXBuildFile; fileRef = BFAECBBE2C4525B10064D62E /* LoadingView.swift */; };
		BFFD1B6A2C3302EF0052699E /* OnboardingData_en.json in Resources */ = {isa = PBXBuildFile; fileRef = BFFD1B692C3302EF0052699E /* OnboardingData_en.json */; };
		BFFD1B6C2C33035F0052699E /* OnboardingData_ru.json in Resources */ = {isa = PBXBuildFile; fileRef = BFFD1B6B2C33035F0052699E /* OnboardingData_ru.json */; };
		BFFD1B6E2C3303780052699E /* OnboardingData_kk.json in Resources */ = {isa = PBXBuildFile; fileRef = BFFD1B6D2C3303780052699E /* OnboardingData_kk.json */; };
/* End PBXBuildFile section */

/* Begin PBXFileReference section */
		BF394AC02C528BB8009C9945 /* RegistrationView.swift */ = {isa = PBXFileReference; lastKnownFileType = sourcecode.swift; path = RegistrationView.swift; sourceTree = "<group>"; };
		BF394AC22C528BD1009C9945 /* RegistrationViewController.swift */ = {isa = PBXFileReference; lastKnownFileType = sourcecode.swift; path = RegistrationViewController.swift; sourceTree = "<group>"; };
		BF394AC42C528C03009C9945 /* RegistrationViewModel.swift */ = {isa = PBXFileReference; lastKnownFileType = sourcecode.swift; path = RegistrationViewModel.swift; sourceTree = "<group>"; };
		BF394AC62C529415009C9945 /* RegistrationConfirmationViewController.swift */ = {isa = PBXFileReference; lastKnownFileType = sourcecode.swift; path = RegistrationConfirmationViewController.swift; sourceTree = "<group>"; };
		BF394AC82C529428009C9945 /* RegistrationConfirmationView.swift */ = {isa = PBXFileReference; lastKnownFileType = sourcecode.swift; path = RegistrationConfirmationView.swift; sourceTree = "<group>"; };
		BF394AD92C5A8979009C9945 /* RegistrationConfirmationViewModel.swift */ = {isa = PBXFileReference; lastKnownFileType = sourcecode.swift; path = RegistrationConfirmationViewModel.swift; sourceTree = "<group>"; };
		BF394AE52C5D17A4009C9945 /* ForgotPasswordView.swift */ = {isa = PBXFileReference; lastKnownFileType = sourcecode.swift; path = ForgotPasswordView.swift; sourceTree = "<group>"; };
		BF394AE72C5D17B8009C9945 /* ForgotPasswordViewController.swift */ = {isa = PBXFileReference; lastKnownFileType = sourcecode.swift; path = ForgotPasswordViewController.swift; sourceTree = "<group>"; };
		BF394AE92C5D17D0009C9945 /* ForgotPasswordViewModel.swift */ = {isa = PBXFileReference; lastKnownFileType = sourcecode.swift; path = ForgotPasswordViewModel.swift; sourceTree = "<group>"; };
		BF43DB732C4A3802006FDB0D /* SignInView.swift */ = {isa = PBXFileReference; lastKnownFileType = sourcecode.swift; path = SignInView.swift; sourceTree = "<group>"; };
		BF43DB752C4A3817006FDB0D /* SignInViewController.swift */ = {isa = PBXFileReference; lastKnownFileType = sourcecode.swift; path = SignInViewController.swift; sourceTree = "<group>"; };
		BF43DB772C4A3A8C006FDB0D /* GoogleService-Info.plist */ = {isa = PBXFileReference; fileEncoding = 4; lastKnownFileType = text.plist.xml; path = "GoogleService-Info.plist"; sourceTree = "<group>"; };
		BF43DB852C4AB84B006FDB0D /* SignInViewModel.swift */ = {isa = PBXFileReference; lastKnownFileType = sourcecode.swift; path = SignInViewModel.swift; sourceTree = "<group>"; };
		BF54BA452C3BB5CE00D8837E /* AddBabyView.swift */ = {isa = PBXFileReference; lastKnownFileType = sourcecode.swift; path = AddBabyView.swift; sourceTree = "<group>"; };
		BF54BA472C3BB60C00D8837E /* AddBabyViewController.swift */ = {isa = PBXFileReference; lastKnownFileType = sourcecode.swift; path = AddBabyViewController.swift; sourceTree = "<group>"; };
		BF54BA492C3BBCFE00D8837E /* AppColors.swift */ = {isa = PBXFileReference; lastKnownFileType = sourcecode.swift; path = AppColors.swift; sourceTree = "<group>"; };
		BF54BA4D2C3D9BBE00D8837E /* LabeledTextFieldView.swift */ = {isa = PBXFileReference; lastKnownFileType = sourcecode.swift; path = LabeledTextFieldView.swift; sourceTree = "<group>"; };
		BF54BA4F2C3FF16600D8837E /* DatePickerView.swift */ = {isa = PBXFileReference; lastKnownFileType = sourcecode.swift; path = DatePickerView.swift; sourceTree = "<group>"; };
		BF5BE7232C36F5CA00F946E7 /* UserDefaultsKeys.swift */ = {isa = PBXFileReference; lastKnownFileType = sourcecode.swift; path = UserDefaultsKeys.swift; sourceTree = "<group>"; };
		BF5BE7252C383E6A00F946E7 /* TabBarFactory.swift */ = {isa = PBXFileReference; lastKnownFileType = sourcecode.swift; path = TabBarFactory.swift; sourceTree = "<group>"; };
		BF69D11E2C21872A0005B63B /* Baby's Diary.app */ = {isa = PBXFileReference; explicitFileType = wrapper.application; includeInIndex = 0; path = "Baby's Diary.app"; sourceTree = BUILT_PRODUCTS_DIR; };
		BF69D1212C21872A0005B63B /* AppDelegate.swift */ = {isa = PBXFileReference; lastKnownFileType = sourcecode.swift; path = AppDelegate.swift; sourceTree = "<group>"; };
		BF69D1232C21872A0005B63B /* SceneDelegate.swift */ = {isa = PBXFileReference; lastKnownFileType = sourcecode.swift; path = SceneDelegate.swift; sourceTree = "<group>"; };
		BF69D12A2C21872D0005B63B /* Assets.xcassets */ = {isa = PBXFileReference; lastKnownFileType = folder.assetcatalog; path = Assets.xcassets; sourceTree = "<group>"; };
		BF69D12D2C21872D0005B63B /* Base */ = {isa = PBXFileReference; lastKnownFileType = file.storyboard; name = Base; path = Base.lproj/LaunchScreen.storyboard; sourceTree = "<group>"; };
		BF69D12F2C21872D0005B63B /* Info.plist */ = {isa = PBXFileReference; lastKnownFileType = text.plist.xml; path = Info.plist; sourceTree = "<group>"; };
		BF69D1562C276D9B0005B63B /* OnboardingPageView.swift */ = {isa = PBXFileReference; lastKnownFileType = sourcecode.swift; path = OnboardingPageView.swift; sourceTree = "<group>"; };
		BF69D1582C2772B90005B63B /* OnboardingPageViewController.swift */ = {isa = PBXFileReference; lastKnownFileType = sourcecode.swift; path = OnboardingPageViewController.swift; sourceTree = "<group>"; };
		BF69D15B2C2774E80005B63B /* OnboardingPageModel.swift */ = {isa = PBXFileReference; lastKnownFileType = sourcecode.swift; path = OnboardingPageModel.swift; sourceTree = "<group>"; };
		BF69D15D2C27750F0005B63B /* OnboardingPageViewModel.swift */ = {isa = PBXFileReference; lastKnownFileType = sourcecode.swift; path = OnboardingPageViewModel.swift; sourceTree = "<group>"; };
		BF69D1602C2777560005B63B /* OnboardingData.swift */ = {isa = PBXFileReference; lastKnownFileType = sourcecode.swift; path = OnboardingData.swift; sourceTree = "<group>"; };
		BF69D1632C28977D0005B63B /* OnboardingViewController.swift */ = {isa = PBXFileReference; lastKnownFileType = sourcecode.swift; path = OnboardingViewController.swift; sourceTree = "<group>"; };
		BF69D1652C28982E0005B63B /* OnboardingView.swift */ = {isa = PBXFileReference; lastKnownFileType = sourcecode.swift; path = OnboardingView.swift; sourceTree = "<group>"; };
		BF69D1672C29EBA90005B63B /* OnboardingModel.swift */ = {isa = PBXFileReference; lastKnownFileType = sourcecode.swift; path = OnboardingModel.swift; sourceTree = "<group>"; };
		BF69D1692C29EBCC0005B63B /* OnboardingViewModel.swift */ = {isa = PBXFileReference; lastKnownFileType = sourcecode.swift; path = OnboardingViewModel.swift; sourceTree = "<group>"; };
		BF69D16B2C2EFE3D0005B63B /* Localizable.xcstrings */ = {isa = PBXFileReference; lastKnownFileType = text.json.xcstrings; path = Localizable.xcstrings; sourceTree = "<group>"; };
		BF69D16D2C2EFE750005B63B /* kk */ = {isa = PBXFileReference; lastKnownFileType = text.plist.strings; name = kk; path = kk.lproj/LaunchScreen.strings; sourceTree = "<group>"; };
		BF9B46272C358F2200537669 /* TabBarViewController.swift */ = {isa = PBXFileReference; lastKnownFileType = sourcecode.swift; path = TabBarViewController.swift; sourceTree = "<group>"; };
		BF9B462D2C35949300537669 /* SleepView.swift */ = {isa = PBXFileReference; lastKnownFileType = sourcecode.swift; path = SleepView.swift; sourceTree = "<group>"; };
		BF9B462F2C35957900537669 /* StatisticsView.swift */ = {isa = PBXFileReference; lastKnownFileType = sourcecode.swift; path = StatisticsView.swift; sourceTree = "<group>"; };
		BF9B46312C3595B100537669 /* SleepViewController.swift */ = {isa = PBXFileReference; lastKnownFileType = sourcecode.swift; path = SleepViewController.swift; sourceTree = "<group>"; };
		BF9B46332C35963800537669 /* StatisticsViewController.swift */ = {isa = PBXFileReference; lastKnownFileType = sourcecode.swift; path = StatisticsViewController.swift; sourceTree = "<group>"; };
		BF9B46422C367ACE00537669 /* AppRouter.swift */ = {isa = PBXFileReference; lastKnownFileType = sourcecode.swift; path = AppRouter.swift; sourceTree = "<group>"; };
		BFAECBBE2C4525B10064D62E /* LoadingView.swift */ = {isa = PBXFileReference; lastKnownFileType = sourcecode.swift; path = LoadingView.swift; sourceTree = "<group>"; };
		BFFD1B692C3302EF0052699E /* OnboardingData_en.json */ = {isa = PBXFileReference; lastKnownFileType = text.json; path = OnboardingData_en.json; sourceTree = "<group>"; };
		BFFD1B6B2C33035F0052699E /* OnboardingData_ru.json */ = {isa = PBXFileReference; lastKnownFileType = text.json; path = OnboardingData_ru.json; sourceTree = "<group>"; };
		BFFD1B6D2C3303780052699E /* OnboardingData_kk.json */ = {isa = PBXFileReference; lastKnownFileType = text.json; path = OnboardingData_kk.json; sourceTree = "<group>"; };
/* End PBXFileReference section */

/* Begin PBXFrameworksBuildPhase section */
		BF69D11B2C21872A0005B63B /* Frameworks */ = {
			isa = PBXFrameworksBuildPhase;
			buildActionMask = 2147483647;
			files = (
				BF43DB7E2C4A57BC006FDB0D /* FirebaseAnalyticsSwift in Frameworks */,
				BF394ADD2C5A89D1009C9945 /* SwiftMessages in Frameworks */,
				BF43DB842C4A5911006FDB0D /* FirebaseAuth in Frameworks */,
				BF43DB7A2C4A57BC006FDB0D /* FirebaseAnalytics in Frameworks */,
				BF43DB7C2C4A57BC006FDB0D /* FirebaseAnalyticsOnDeviceConversion in Frameworks */,
				BF43DB822C4A57BC006FDB0D /* FirebaseAppCheck in Frameworks */,
				BF43DB802C4A57BC006FDB0D /* FirebaseAnalyticsWithoutAdIdSupport in Frameworks */,
			);
			runOnlyForDeploymentPostprocessing = 0;
		};
/* End PBXFrameworksBuildPhase section */

/* Begin PBXGroup section */
		BF394ABF2C528B85009C9945 /* Registration */ = {
			isa = PBXGroup;
			children = (
				BF394AC02C528BB8009C9945 /* RegistrationView.swift */,
				BF394AC22C528BD1009C9945 /* RegistrationViewController.swift */,
				BF394AC42C528C03009C9945 /* RegistrationViewModel.swift */,
				BF394AC62C529415009C9945 /* RegistrationConfirmationViewController.swift */,
				BF394AC82C529428009C9945 /* RegistrationConfirmationView.swift */,
				BF394AD92C5A8979009C9945 /* RegistrationConfirmationViewModel.swift */,
			);
			path = Registration;
			sourceTree = "<group>";
		};
		BF394AE42C5D1788009C9945 /* ForgotPassword */ = {
			isa = PBXGroup;
			children = (
				BF394AE52C5D17A4009C9945 /* ForgotPasswordView.swift */,
				BF394AE72C5D17B8009C9945 /* ForgotPasswordViewController.swift */,
				BF394AE92C5D17D0009C9945 /* ForgotPasswordViewModel.swift */,
			);
			path = ForgotPassword;
			sourceTree = "<group>";
		};
		BF43DB722C4A37CC006FDB0D /* Authorization */ = {
			isa = PBXGroup;
			children = (
				BF43DB732C4A3802006FDB0D /* SignInView.swift */,
				BF43DB752C4A3817006FDB0D /* SignInViewController.swift */,
				BF43DB852C4AB84B006FDB0D /* SignInViewModel.swift */,
			);
			path = Authorization;
			sourceTree = "<group>";
		};
		BF54BA442C3BB5A300D8837E /* Baby */ = {
			isa = PBXGroup;
			children = (
				BF54BA452C3BB5CE00D8837E /* AddBabyView.swift */,
				BF54BA472C3BB60C00D8837E /* AddBabyViewController.swift */,
			);
			path = Baby;
			sourceTree = "<group>";
		};
		BF54BA4C2C3D9BA400D8837E /* CustomViews */ = {
			isa = PBXGroup;
			children = (
				BF54BA4D2C3D9BBE00D8837E /* LabeledTextFieldView.swift */,
				BF54BA4F2C3FF16600D8837E /* DatePickerView.swift */,
				BFAECBBE2C4525B10064D62E /* LoadingView.swift */,
			);
			path = CustomViews;
			sourceTree = "<group>";
		};
		BF5BE7222C36F5AD00F946E7 /* UserDefaults */ = {
			isa = PBXGroup;
			children = (
				BF5BE7232C36F5CA00F946E7 /* UserDefaultsKeys.swift */,
			);
			path = UserDefaults;
			sourceTree = "<group>";
		};
		BF69D1152C21872A0005B63B = {
			isa = PBXGroup;
			children = (
				BF69D1202C21872A0005B63B /* Baby's Diary */,
				BF69D11F2C21872A0005B63B /* Products */,
			);
			sourceTree = "<group>";
		};
		BF69D11F2C21872A0005B63B /* Products */ = {
			isa = PBXGroup;
			children = (
				BF69D11E2C21872A0005B63B /* Baby's Diary.app */,
			);
			name = Products;
			sourceTree = "<group>";
		};
		BF69D1202C21872A0005B63B /* Baby's Diary */ = {
			isa = PBXGroup;
			children = (
				BF394AE42C5D1788009C9945 /* ForgotPassword */,
				BF394ABF2C528B85009C9945 /* Registration */,
				BF43DB772C4A3A8C006FDB0D /* GoogleService-Info.plist */,
				BF43DB722C4A37CC006FDB0D /* Authorization */,
				BF54BA4C2C3D9BA400D8837E /* CustomViews */,
				BF54BA442C3BB5A300D8837E /* Baby */,
				BF5BE7222C36F5AD00F946E7 /* UserDefaults */,
				BF9B46412C367ABF00537669 /* Router */,
				BF9B46352C35AE5D00537669 /* App */,
				BF9B462C2C35947200537669 /* Statistics */,
				BF9B462B2C35946B00537669 /* Sleep */,
				BF9B46222C358D8B00537669 /* TabBar */,
				BF69D15F2C2777130005B63B /* Resources */,
				BF69D1552C276D420005B63B /* Onboarding */,
			);
			path = "Baby's Diary";
			sourceTree = "<group>";
		};
		BF69D1552C276D420005B63B /* Onboarding */ = {
			isa = PBXGroup;
			children = (
				BF69D1622C27780B0005B63B /* Onboarding */,
				BF69D15A2C2774860005B63B /* OnboardingPage */,
			);
			path = Onboarding;
			sourceTree = "<group>";
		};
		BF69D15A2C2774860005B63B /* OnboardingPage */ = {
			isa = PBXGroup;
			children = (
				BF69D1562C276D9B0005B63B /* OnboardingPageView.swift */,
				BF69D1582C2772B90005B63B /* OnboardingPageViewController.swift */,
				BF69D15B2C2774E80005B63B /* OnboardingPageModel.swift */,
				BF69D15D2C27750F0005B63B /* OnboardingPageViewModel.swift */,
			);
			path = OnboardingPage;
			sourceTree = "<group>";
		};
		BF69D15F2C2777130005B63B /* Resources */ = {
			isa = PBXGroup;
			children = (
				BF69D12F2C21872D0005B63B /* Info.plist */,
				BF69D12C2C21872D0005B63B /* LaunchScreen.storyboard */,
				BF69D12A2C21872D0005B63B /* Assets.xcassets */,
				BF69D1602C2777560005B63B /* OnboardingData.swift */,
				BF69D16B2C2EFE3D0005B63B /* Localizable.xcstrings */,
				BFFD1B692C3302EF0052699E /* OnboardingData_en.json */,
				BFFD1B6B2C33035F0052699E /* OnboardingData_ru.json */,
				BFFD1B6D2C3303780052699E /* OnboardingData_kk.json */,
				BF54BA492C3BBCFE00D8837E /* AppColors.swift */,
			);
			path = Resources;
			sourceTree = "<group>";
		};
		BF69D1622C27780B0005B63B /* Onboarding */ = {
			isa = PBXGroup;
			children = (
				BF69D1632C28977D0005B63B /* OnboardingViewController.swift */,
				BF69D1652C28982E0005B63B /* OnboardingView.swift */,
				BF69D1672C29EBA90005B63B /* OnboardingModel.swift */,
				BF69D1692C29EBCC0005B63B /* OnboardingViewModel.swift */,
			);
			path = Onboarding;
			sourceTree = "<group>";
		};
		BF9B46222C358D8B00537669 /* TabBar */ = {
			isa = PBXGroup;
			children = (
				BF9B46272C358F2200537669 /* TabBarViewController.swift */,
				BF5BE7252C383E6A00F946E7 /* TabBarFactory.swift */,
			);
			path = TabBar;
			sourceTree = "<group>";
		};
		BF9B462B2C35946B00537669 /* Sleep */ = {
			isa = PBXGroup;
			children = (
				BF9B462D2C35949300537669 /* SleepView.swift */,
				BF9B46312C3595B100537669 /* SleepViewController.swift */,
			);
			path = Sleep;
			sourceTree = "<group>";
		};
		BF9B462C2C35947200537669 /* Statistics */ = {
			isa = PBXGroup;
			children = (
				BF9B462F2C35957900537669 /* StatisticsView.swift */,
				BF9B46332C35963800537669 /* StatisticsViewController.swift */,
			);
			path = Statistics;
			sourceTree = "<group>";
		};
		BF9B46352C35AE5D00537669 /* App */ = {
			isa = PBXGroup;
			children = (
				BF69D1232C21872A0005B63B /* SceneDelegate.swift */,
				BF69D1212C21872A0005B63B /* AppDelegate.swift */,
			);
			path = App;
			sourceTree = "<group>";
		};
		BF9B46412C367ABF00537669 /* Router */ = {
			isa = PBXGroup;
			children = (
				BF9B46422C367ACE00537669 /* AppRouter.swift */,
			);
			path = Router;
			sourceTree = "<group>";
		};
/* End PBXGroup section */

/* Begin PBXNativeTarget section */
		BF69D11D2C21872A0005B63B /* Baby's Diary */ = {
			isa = PBXNativeTarget;
			buildConfigurationList = BF69D1322C21872D0005B63B /* Build configuration list for PBXNativeTarget "Baby's Diary" */;
			buildPhases = (
				BF69D11A2C21872A0005B63B /* Sources */,
				BF69D11B2C21872A0005B63B /* Frameworks */,
				BF69D11C2C21872A0005B63B /* Resources */,
			);
			buildRules = (
			);
			dependencies = (
			);
			name = "Baby's Diary";
			packageProductDependencies = (
				BF43DB792C4A57BC006FDB0D /* FirebaseAnalytics */,
				BF43DB7B2C4A57BC006FDB0D /* FirebaseAnalyticsOnDeviceConversion */,
				BF43DB7D2C4A57BC006FDB0D /* FirebaseAnalyticsSwift */,
				BF43DB7F2C4A57BC006FDB0D /* FirebaseAnalyticsWithoutAdIdSupport */,
				BF43DB812C4A57BC006FDB0D /* FirebaseAppCheck */,
				BF43DB832C4A5911006FDB0D /* FirebaseAuth */,
				BF394ADC2C5A89D1009C9945 /* SwiftMessages */,
			);
			productName = "Baby's Diary";
			productReference = BF69D11E2C21872A0005B63B /* Baby's Diary.app */;
			productType = "com.apple.product-type.application";
		};
/* End PBXNativeTarget section */

/* Begin PBXProject section */
		BF69D1162C21872A0005B63B /* Project object */ = {
			isa = PBXProject;
			attributes = {
				BuildIndependentTargetsInParallel = 1;
				LastSwiftUpdateCheck = 1540;
				LastUpgradeCheck = 1540;
				TargetAttributes = {
					BF69D11D2C21872A0005B63B = {
						CreatedOnToolsVersion = 15.4;
					};
				};
			};
			buildConfigurationList = BF69D1192C21872A0005B63B /* Build configuration list for PBXProject "Baby's Diary" */;
			compatibilityVersion = "Xcode 14.0";
			developmentRegion = en;
			hasScannedForEncodings = 0;
			knownRegions = (
				en,
				Base,
				kk,
				ru,
			);
			mainGroup = BF69D1152C21872A0005B63B;
			packageReferences = (
				BF54BA432C3BB26700D8837E /* XCRemoteSwiftPackageReference "firebase-ios-sdk" */,
				BF394ADB2C5A89D1009C9945 /* XCRemoteSwiftPackageReference "SwiftMessages" */,
			);
			productRefGroup = BF69D11F2C21872A0005B63B /* Products */;
			projectDirPath = "";
			projectRoot = "";
			targets = (
				BF69D11D2C21872A0005B63B /* Baby's Diary */,
			);
		};
/* End PBXProject section */

/* Begin PBXResourcesBuildPhase section */
		BF69D11C2C21872A0005B63B /* Resources */ = {
			isa = PBXResourcesBuildPhase;
			buildActionMask = 2147483647;
			files = (
				BFFD1B6C2C33035F0052699E /* OnboardingData_ru.json in Resources */,
				BF69D12B2C21872D0005B63B /* Assets.xcassets in Resources */,
				BFFD1B6E2C3303780052699E /* OnboardingData_kk.json in Resources */,
				BFFD1B6A2C3302EF0052699E /* OnboardingData_en.json in Resources */,
				BF69D12E2C21872D0005B63B /* Base in Resources */,
				BF69D16C2C2EFE3D0005B63B /* Localizable.xcstrings in Resources */,
				BF43DB782C4A3A8C006FDB0D /* GoogleService-Info.plist in Resources */,
			);
			runOnlyForDeploymentPostprocessing = 0;
		};
/* End PBXResourcesBuildPhase section */

/* Begin PBXSourcesBuildPhase section */
		BF69D11A2C21872A0005B63B /* Sources */ = {
			isa = PBXSourcesBuildPhase;
			buildActionMask = 2147483647;
			files = (
				BF69D1572C276D9B0005B63B /* OnboardingPageView.swift in Sources */,
				BF394AC52C528C03009C9945 /* RegistrationViewModel.swift in Sources */,
				BF394AC92C529428009C9945 /* RegistrationConfirmationView.swift in Sources */,
				BF9B46302C35957900537669 /* StatisticsView.swift in Sources */,
				BF54BA462C3BB5CE00D8837E /* AddBabyView.swift in Sources */,
				BF69D15E2C27750F0005B63B /* OnboardingPageViewModel.swift in Sources */,
				BF69D15C2C2774E80005B63B /* OnboardingPageModel.swift in Sources */,
				BF54BA482C3BB60C00D8837E /* AddBabyViewController.swift in Sources */,
				BF394AE62C5D17A4009C9945 /* ForgotPasswordView.swift in Sources */,
				BF5BE7242C36F5CA00F946E7 /* UserDefaultsKeys.swift in Sources */,
				BF69D1662C28982E0005B63B /* OnboardingView.swift in Sources */,
				BF43DB862C4AB84B006FDB0D /* SignInViewModel.swift in Sources */,
				BF394AC72C529415009C9945 /* RegistrationConfirmationViewController.swift in Sources */,
				BF5BE7262C383E6A00F946E7 /* TabBarFactory.swift in Sources */,
				BF9B46282C358F2200537669 /* TabBarViewController.swift in Sources */,
				BF69D1642C28977D0005B63B /* OnboardingViewController.swift in Sources */,
				BF54BA502C3FF16600D8837E /* DatePickerView.swift in Sources */,
				BF43DB742C4A3802006FDB0D /* SignInView.swift in Sources */,
				BF9B46342C35963800537669 /* StatisticsViewController.swift in Sources */,
				BF43DB762C4A3817006FDB0D /* SignInViewController.swift in Sources */,
				BF394AC12C528BB8009C9945 /* RegistrationView.swift in Sources */,
				BF69D1222C21872A0005B63B /* AppDelegate.swift in Sources */,
				BF394AEA2C5D17D0009C9945 /* ForgotPasswordViewModel.swift in Sources */,
				BF54BA4E2C3D9BBE00D8837E /* LabeledTextFieldView.swift in Sources */,
				BF394ADA2C5A8979009C9945 /* RegistrationConfirmationViewModel.swift in Sources */,
				BF69D1682C29EBA90005B63B /* OnboardingModel.swift in Sources */,
				BF9B462E2C35949300537669 /* SleepView.swift in Sources */,
				BF54BA4A2C3BBCFE00D8837E /* AppColors.swift in Sources */,
				BFAECBBF2C4525B10064D62E /* LoadingView.swift in Sources */,
				BF69D1242C21872A0005B63B /* SceneDelegate.swift in Sources */,
				BF394AC32C528BD1009C9945 /* RegistrationViewController.swift in Sources */,
				BF69D16A2C29EBCC0005B63B /* OnboardingViewModel.swift in Sources */,
				BF9B46432C367ACE00537669 /* AppRouter.swift in Sources */,
				BF394AE82C5D17B8009C9945 /* ForgotPasswordViewController.swift in Sources */,
				BF9B46322C3595B100537669 /* SleepViewController.swift in Sources */,
				BF69D1592C2772B90005B63B /* OnboardingPageViewController.swift in Sources */,
				BF69D1612C2777570005B63B /* OnboardingData.swift in Sources */,
			);
			runOnlyForDeploymentPostprocessing = 0;
		};
/* End PBXSourcesBuildPhase section */

/* Begin PBXVariantGroup section */
		BF69D12C2C21872D0005B63B /* LaunchScreen.storyboard */ = {
			isa = PBXVariantGroup;
			children = (
				BF69D12D2C21872D0005B63B /* Base */,
				BF69D16D2C2EFE750005B63B /* kk */,
			);
			name = LaunchScreen.storyboard;
			sourceTree = "<group>";
		};
/* End PBXVariantGroup section */

/* Begin XCBuildConfiguration section */
		BF69D1302C21872D0005B63B /* Debug */ = {
			isa = XCBuildConfiguration;
			buildSettings = {
				ALWAYS_SEARCH_USER_PATHS = NO;
				ASSETCATALOG_COMPILER_GENERATE_SWIFT_ASSET_SYMBOL_EXTENSIONS = YES;
				CLANG_ANALYZER_LOCALIZABILITY_NONLOCALIZED = YES;
				CLANG_ANALYZER_NONNULL = YES;
				CLANG_ANALYZER_NUMBER_OBJECT_CONVERSION = YES_AGGRESSIVE;
				CLANG_CXX_LANGUAGE_STANDARD = "gnu++20";
				CLANG_ENABLE_MODULES = YES;
				CLANG_ENABLE_OBJC_ARC = YES;
				CLANG_ENABLE_OBJC_WEAK = YES;
				CLANG_WARN_BLOCK_CAPTURE_AUTORELEASING = YES;
				CLANG_WARN_BOOL_CONVERSION = YES;
				CLANG_WARN_COMMA = YES;
				CLANG_WARN_CONSTANT_CONVERSION = YES;
				CLANG_WARN_DEPRECATED_OBJC_IMPLEMENTATIONS = YES;
				CLANG_WARN_DIRECT_OBJC_ISA_USAGE = YES_ERROR;
				CLANG_WARN_DOCUMENTATION_COMMENTS = YES;
				CLANG_WARN_EMPTY_BODY = YES;
				CLANG_WARN_ENUM_CONVERSION = YES;
				CLANG_WARN_INFINITE_RECURSION = YES;
				CLANG_WARN_INT_CONVERSION = YES;
				CLANG_WARN_NON_LITERAL_NULL_CONVERSION = YES;
				CLANG_WARN_OBJC_IMPLICIT_RETAIN_SELF = YES;
				CLANG_WARN_OBJC_LITERAL_CONVERSION = YES;
				CLANG_WARN_OBJC_ROOT_CLASS = YES_ERROR;
				CLANG_WARN_QUOTED_INCLUDE_IN_FRAMEWORK_HEADER = YES;
				CLANG_WARN_RANGE_LOOP_ANALYSIS = YES;
				CLANG_WARN_STRICT_PROTOTYPES = YES;
				CLANG_WARN_SUSPICIOUS_MOVE = YES;
				CLANG_WARN_UNGUARDED_AVAILABILITY = YES_AGGRESSIVE;
				CLANG_WARN_UNREACHABLE_CODE = YES;
				CLANG_WARN__DUPLICATE_METHOD_MATCH = YES;
				COPY_PHASE_STRIP = NO;
				DEBUG_INFORMATION_FORMAT = dwarf;
				ENABLE_STRICT_OBJC_MSGSEND = YES;
				ENABLE_TESTABILITY = YES;
				ENABLE_USER_SCRIPT_SANDBOXING = YES;
				GCC_C_LANGUAGE_STANDARD = gnu17;
				GCC_DYNAMIC_NO_PIC = NO;
				GCC_NO_COMMON_BLOCKS = YES;
				GCC_OPTIMIZATION_LEVEL = 0;
				GCC_PREPROCESSOR_DEFINITIONS = (
					"DEBUG=1",
					"$(inherited)",
				);
				GCC_WARN_64_TO_32_BIT_CONVERSION = YES;
				GCC_WARN_ABOUT_RETURN_TYPE = YES_ERROR;
				GCC_WARN_UNDECLARED_SELECTOR = YES;
				GCC_WARN_UNINITIALIZED_AUTOS = YES_AGGRESSIVE;
				GCC_WARN_UNUSED_FUNCTION = YES;
				GCC_WARN_UNUSED_VARIABLE = YES;
				IPHONEOS_DEPLOYMENT_TARGET = 17.5;
				LOCALIZATION_PREFERS_STRING_CATALOGS = YES;
				MTL_ENABLE_DEBUG_INFO = INCLUDE_SOURCE;
				MTL_FAST_MATH = YES;
				ONLY_ACTIVE_ARCH = YES;
				SDKROOT = iphoneos;
				SWIFT_ACTIVE_COMPILATION_CONDITIONS = "DEBUG $(inherited)";
				SWIFT_OPTIMIZATION_LEVEL = "-Onone";
			};
			name = Debug;
		};
		BF69D1312C21872D0005B63B /* Release */ = {
			isa = XCBuildConfiguration;
			buildSettings = {
				ALWAYS_SEARCH_USER_PATHS = NO;
				ASSETCATALOG_COMPILER_GENERATE_SWIFT_ASSET_SYMBOL_EXTENSIONS = YES;
				CLANG_ANALYZER_LOCALIZABILITY_NONLOCALIZED = YES;
				CLANG_ANALYZER_NONNULL = YES;
				CLANG_ANALYZER_NUMBER_OBJECT_CONVERSION = YES_AGGRESSIVE;
				CLANG_CXX_LANGUAGE_STANDARD = "gnu++20";
				CLANG_ENABLE_MODULES = YES;
				CLANG_ENABLE_OBJC_ARC = YES;
				CLANG_ENABLE_OBJC_WEAK = YES;
				CLANG_WARN_BLOCK_CAPTURE_AUTORELEASING = YES;
				CLANG_WARN_BOOL_CONVERSION = YES;
				CLANG_WARN_COMMA = YES;
				CLANG_WARN_CONSTANT_CONVERSION = YES;
				CLANG_WARN_DEPRECATED_OBJC_IMPLEMENTATIONS = YES;
				CLANG_WARN_DIRECT_OBJC_ISA_USAGE = YES_ERROR;
				CLANG_WARN_DOCUMENTATION_COMMENTS = YES;
				CLANG_WARN_EMPTY_BODY = YES;
				CLANG_WARN_ENUM_CONVERSION = YES;
				CLANG_WARN_INFINITE_RECURSION = YES;
				CLANG_WARN_INT_CONVERSION = YES;
				CLANG_WARN_NON_LITERAL_NULL_CONVERSION = YES;
				CLANG_WARN_OBJC_IMPLICIT_RETAIN_SELF = YES;
				CLANG_WARN_OBJC_LITERAL_CONVERSION = YES;
				CLANG_WARN_OBJC_ROOT_CLASS = YES_ERROR;
				CLANG_WARN_QUOTED_INCLUDE_IN_FRAMEWORK_HEADER = YES;
				CLANG_WARN_RANGE_LOOP_ANALYSIS = YES;
				CLANG_WARN_STRICT_PROTOTYPES = YES;
				CLANG_WARN_SUSPICIOUS_MOVE = YES;
				CLANG_WARN_UNGUARDED_AVAILABILITY = YES_AGGRESSIVE;
				CLANG_WARN_UNREACHABLE_CODE = YES;
				CLANG_WARN__DUPLICATE_METHOD_MATCH = YES;
				COPY_PHASE_STRIP = NO;
				DEBUG_INFORMATION_FORMAT = "dwarf-with-dsym";
				ENABLE_NS_ASSERTIONS = NO;
				ENABLE_STRICT_OBJC_MSGSEND = YES;
				ENABLE_USER_SCRIPT_SANDBOXING = YES;
				GCC_C_LANGUAGE_STANDARD = gnu17;
				GCC_NO_COMMON_BLOCKS = YES;
				GCC_WARN_64_TO_32_BIT_CONVERSION = YES;
				GCC_WARN_ABOUT_RETURN_TYPE = YES_ERROR;
				GCC_WARN_UNDECLARED_SELECTOR = YES;
				GCC_WARN_UNINITIALIZED_AUTOS = YES_AGGRESSIVE;
				GCC_WARN_UNUSED_FUNCTION = YES;
				GCC_WARN_UNUSED_VARIABLE = YES;
				IPHONEOS_DEPLOYMENT_TARGET = 17.5;
				LOCALIZATION_PREFERS_STRING_CATALOGS = YES;
				MTL_ENABLE_DEBUG_INFO = NO;
				MTL_FAST_MATH = YES;
				SDKROOT = iphoneos;
				SWIFT_COMPILATION_MODE = wholemodule;
				VALIDATE_PRODUCT = YES;
			};
			name = Release;
		};
		BF69D1332C21872D0005B63B /* Debug */ = {
			isa = XCBuildConfiguration;
			buildSettings = {
				ASSETCATALOG_COMPILER_APPICON_NAME = AppIcon;
				ASSETCATALOG_COMPILER_GLOBAL_ACCENT_COLOR_NAME = AccentColor;
				CODE_SIGN_STYLE = Automatic;
				CURRENT_PROJECT_VERSION = 1;
				GENERATE_INFOPLIST_FILE = YES;
				INFOPLIST_FILE = "Baby's Diary/Resources/Info.plist";
				INFOPLIST_KEY_UIApplicationSupportsIndirectInputEvents = YES;
				INFOPLIST_KEY_UILaunchStoryboardName = LaunchScreen;
				INFOPLIST_KEY_UISupportedInterfaceOrientations_iPad = "UIInterfaceOrientationPortrait UIInterfaceOrientationPortraitUpsideDown UIInterfaceOrientationLandscapeLeft UIInterfaceOrientationLandscapeRight";
				INFOPLIST_KEY_UISupportedInterfaceOrientations_iPhone = "UIInterfaceOrientationPortrait UIInterfaceOrientationLandscapeLeft UIInterfaceOrientationLandscapeRight";
				LD_RUNPATH_SEARCH_PATHS = (
					"$(inherited)",
					"@executable_path/Frameworks",
				);
				MARKETING_VERSION = 1.0;
				PRODUCT_BUNDLE_IDENTIFIER = "com.rakhymzhan.Baby-s-Diary";
				PRODUCT_NAME = "$(TARGET_NAME)";
				SWIFT_EMIT_LOC_STRINGS = YES;
				SWIFT_VERSION = 5.0;
				TARGETED_DEVICE_FAMILY = "1,2";
			};
			name = Debug;
		};
		BF69D1342C21872D0005B63B /* Release */ = {
			isa = XCBuildConfiguration;
			buildSettings = {
				ASSETCATALOG_COMPILER_APPICON_NAME = AppIcon;
				ASSETCATALOG_COMPILER_GLOBAL_ACCENT_COLOR_NAME = AccentColor;
				CODE_SIGN_STYLE = Automatic;
				CURRENT_PROJECT_VERSION = 1;
				GENERATE_INFOPLIST_FILE = YES;
				INFOPLIST_FILE = "Baby's Diary/Resources/Info.plist";
				INFOPLIST_KEY_UIApplicationSupportsIndirectInputEvents = YES;
				INFOPLIST_KEY_UILaunchStoryboardName = LaunchScreen;
				INFOPLIST_KEY_UISupportedInterfaceOrientations_iPad = "UIInterfaceOrientationPortrait UIInterfaceOrientationPortraitUpsideDown UIInterfaceOrientationLandscapeLeft UIInterfaceOrientationLandscapeRight";
				INFOPLIST_KEY_UISupportedInterfaceOrientations_iPhone = "UIInterfaceOrientationPortrait UIInterfaceOrientationLandscapeLeft UIInterfaceOrientationLandscapeRight";
				LD_RUNPATH_SEARCH_PATHS = (
					"$(inherited)",
					"@executable_path/Frameworks",
				);
				MARKETING_VERSION = 1.0;
				PRODUCT_BUNDLE_IDENTIFIER = "com.rakhymzhan.Baby-s-Diary";
				PRODUCT_NAME = "$(TARGET_NAME)";
				SWIFT_EMIT_LOC_STRINGS = YES;
				SWIFT_VERSION = 5.0;
				TARGETED_DEVICE_FAMILY = "1,2";
			};
			name = Release;
		};
/* End XCBuildConfiguration section */

/* Begin XCConfigurationList section */
		BF69D1192C21872A0005B63B /* Build configuration list for PBXProject "Baby's Diary" */ = {
			isa = XCConfigurationList;
			buildConfigurations = (
				BF69D1302C21872D0005B63B /* Debug */,
				BF69D1312C21872D0005B63B /* Release */,
			);
			defaultConfigurationIsVisible = 0;
			defaultConfigurationName = Release;
		};
		BF69D1322C21872D0005B63B /* Build configuration list for PBXNativeTarget "Baby's Diary" */ = {
			isa = XCConfigurationList;
			buildConfigurations = (
				BF69D1332C21872D0005B63B /* Debug */,
				BF69D1342C21872D0005B63B /* Release */,
			);
			defaultConfigurationIsVisible = 0;
			defaultConfigurationName = Release;
		};
/* End XCConfigurationList section */

/* Begin XCRemoteSwiftPackageReference section */
		BF394ADB2C5A89D1009C9945 /* XCRemoteSwiftPackageReference "SwiftMessages" */ = {
			isa = XCRemoteSwiftPackageReference;
			repositoryURL = "https://github.com/SwiftKickMobile/SwiftMessages";
			requirement = {
				kind = upToNextMajorVersion;
				minimumVersion = 10.0.0;
			};
		};
		BF54BA432C3BB26700D8837E /* XCRemoteSwiftPackageReference "firebase-ios-sdk" */ = {
			isa = XCRemoteSwiftPackageReference;
			repositoryURL = "https://github.com/firebase/firebase-ios-sdk.git";
			requirement = {
				kind = upToNextMajorVersion;
				minimumVersion = 10.28.1;
			};
		};
/* End XCRemoteSwiftPackageReference section */

/* Begin XCSwiftPackageProductDependency section */
		BF394ADC2C5A89D1009C9945 /* SwiftMessages */ = {
			isa = XCSwiftPackageProductDependency;
			package = BF394ADB2C5A89D1009C9945 /* XCRemoteSwiftPackageReference "SwiftMessages" */;
			productName = SwiftMessages;
		};
		BF43DB792C4A57BC006FDB0D /* FirebaseAnalytics */ = {
			isa = XCSwiftPackageProductDependency;
			package = BF54BA432C3BB26700D8837E /* XCRemoteSwiftPackageReference "firebase-ios-sdk" */;
			productName = FirebaseAnalytics;
		};
		BF43DB7B2C4A57BC006FDB0D /* FirebaseAnalyticsOnDeviceConversion */ = {
			isa = XCSwiftPackageProductDependency;
			package = BF54BA432C3BB26700D8837E /* XCRemoteSwiftPackageReference "firebase-ios-sdk" */;
			productName = FirebaseAnalyticsOnDeviceConversion;
		};
		BF43DB7D2C4A57BC006FDB0D /* FirebaseAnalyticsSwift */ = {
			isa = XCSwiftPackageProductDependency;
			package = BF54BA432C3BB26700D8837E /* XCRemoteSwiftPackageReference "firebase-ios-sdk" */;
			productName = FirebaseAnalyticsSwift;
		};
		BF43DB7F2C4A57BC006FDB0D /* FirebaseAnalyticsWithoutAdIdSupport */ = {
			isa = XCSwiftPackageProductDependency;
			package = BF54BA432C3BB26700D8837E /* XCRemoteSwiftPackageReference "firebase-ios-sdk" */;
			productName = FirebaseAnalyticsWithoutAdIdSupport;
		};
		BF43DB812C4A57BC006FDB0D /* FirebaseAppCheck */ = {
			isa = XCSwiftPackageProductDependency;
			package = BF54BA432C3BB26700D8837E /* XCRemoteSwiftPackageReference "firebase-ios-sdk" */;
			productName = FirebaseAppCheck;
		};
		BF43DB832C4A5911006FDB0D /* FirebaseAuth */ = {
			isa = XCSwiftPackageProductDependency;
			package = BF54BA432C3BB26700D8837E /* XCRemoteSwiftPackageReference "firebase-ios-sdk" */;
			productName = FirebaseAuth;
		};
/* End XCSwiftPackageProductDependency section */
	};
	rootObject = BF69D1162C21872A0005B63B /* Project object */;
}
