// !$*UTF8*$!
{
	archiveVersion = 1;
	classes = {
	};
	objectVersion = 56;
	objects = {

/* Begin PBXBuildFile section */
		BF69D1222C21872A0005B63B /* AppDelegate.swift in Sources */ = {isa = PBXBuildFile; fileRef = BF69D1212C21872A0005B63B /* AppDelegate.swift */; };
		BF69D1242C21872A0005B63B /* SceneDelegate.swift in Sources */ = {isa = PBXBuildFile; fileRef = BF69D1232C21872A0005B63B /* SceneDelegate.swift */; };
		BF69D12B2C21872D0005B63B /* Assets.xcassets in Resources */ = {isa = PBXBuildFile; fileRef = BF69D12A2C21872D0005B63B /* Assets.xcassets */; };
		BF69D12E2C21872D0005B63B /* Base in Resources */ = {isa = PBXBuildFile; fileRef = BF69D12D2C21872D0005B63B /* Base */; };
		BF69D1572C276D9B0005B63B /* OnboardingPageView.swift in Sources */ = {isa = PBXBuildFile; fileRef = BF69D1562C276D9B0005B63B /* OnboardingPageView.swift */; };
		BF69D1592C2772B90005B63B /* OnboardingPageViewController.swift in Sources */ = {isa = PBXBuildFile; fileRef = BF69D1582C2772B90005B63B /* OnboardingPageViewController.swift */; };
		BF69D15C2C2774E80005B63B /* OnboardingPageModel.swift in Sources */ = {isa = PBXBuildFile; fileRef = BF69D15B2C2774E80005B63B /* OnboardingPageModel.swift */; };
		BF69D15E2C27750F0005B63B /* OnboardingPageViewModel.swift in Sources */ = {isa = PBXBuildFile; fileRef = BF69D15D2C27750F0005B63B /* OnboardingPageViewModel.swift */; };
		BF69D1612C2777570005B63B /* OnboardingData.swift in Sources */ = {isa = PBXBuildFile; fileRef = BF69D1602C2777560005B63B /* OnboardingData.swift */; };
		BF69D1642C28977D0005B63B /* OnboardingViewController.swift in Sources */ = {isa = PBXBuildFile; fileRef = BF69D1632C28977D0005B63B /* OnboardingViewController.swift */; };
		BF69D1662C28982E0005B63B /* OnboardingView.swift in Sources */ = {isa = PBXBuildFile; fileRef = BF69D1652C28982E0005B63B /* OnboardingView.swift */; };
/* End PBXBuildFile section */

/* Begin PBXFileReference section */
		BF69D11E2C21872A0005B63B /* Baby's Diary.app */ = {isa = PBXFileReference; explicitFileType = wrapper.application; includeInIndex = 0; path = "Baby's Diary.app"; sourceTree = BUILT_PRODUCTS_DIR; };
		BF69D1212C21872A0005B63B /* AppDelegate.swift */ = {isa = PBXFileReference; lastKnownFileType = sourcecode.swift; path = AppDelegate.swift; sourceTree = "<group>"; };
		BF69D1232C21872A0005B63B /* SceneDelegate.swift */ = {isa = PBXFileReference; lastKnownFileType = sourcecode.swift; path = SceneDelegate.swift; sourceTree = "<group>"; };
		BF69D12A2C21872D0005B63B /* Assets.xcassets */ = {isa = PBXFileReference; lastKnownFileType = folder.assetcatalog; path = Assets.xcassets; sourceTree = "<group>"; };
		BF69D12D2C21872D0005B63B /* Base */ = {isa = PBXFileReference; lastKnownFileType = file.storyboard; name = Base; path = Base.lproj/LaunchScreen.storyboard; sourceTree = "<group>"; };
		BF69D12F2C21872D0005B63B /* Info.plist */ = {isa = PBXFileReference; lastKnownFileType = text.plist.xml; path = Info.plist; sourceTree = "<group>"; };
		BF69D1562C276D9B0005B63B /* OnboardingPageView.swift */ = {isa = PBXFileReference; lastKnownFileType = sourcecode.swift; path = OnboardingPageView.swift; sourceTree = "<group>"; };
		BF69D1582C2772B90005B63B /* OnboardingPageViewController.swift */ = {isa = PBXFileReference; lastKnownFileType = sourcecode.swift; path = OnboardingPageViewController.swift; sourceTree = "<group>"; };
		BF69D15B2C2774E80005B63B /* OnboardingPageModel.swift */ = {isa = PBXFileReference; lastKnownFileType = sourcecode.swift; path = OnboardingPageModel.swift; sourceTree = "<group>"; };
		BF69D15D2C27750F0005B63B /* OnboardingPageViewModel.swift */ = {isa = PBXFileReference; lastKnownFileType = sourcecode.swift; path = OnboardingPageViewModel.swift; sourceTree = "<group>"; };
		BF69D1602C2777560005B63B /* OnboardingData.swift */ = {isa = PBXFileReference; lastKnownFileType = sourcecode.swift; path = OnboardingData.swift; sourceTree = "<group>"; };
		BF69D1632C28977D0005B63B /* OnboardingViewController.swift */ = {isa = PBXFileReference; lastKnownFileType = sourcecode.swift; path = OnboardingViewController.swift; sourceTree = "<group>"; };
		BF69D1652C28982E0005B63B /* OnboardingView.swift */ = {isa = PBXFileReference; lastKnownFileType = sourcecode.swift; path = OnboardingView.swift; sourceTree = "<group>"; };
/* End PBXFileReference section */

/* Begin PBXFrameworksBuildPhase section */
		BF69D11B2C21872A0005B63B /* Frameworks */ = {
			isa = PBXFrameworksBuildPhase;
			buildActionMask = 2147483647;
			files = (
			);
			runOnlyForDeploymentPostprocessing = 0;
		};
/* End PBXFrameworksBuildPhase section */

/* Begin PBXGroup section */
		BF69D1152C21872A0005B63B = {
			isa = PBXGroup;
			children = (
				BF69D1202C21872A0005B63B /* Baby's Diary */,
				BF69D11F2C21872A0005B63B /* Products */,
			);
			sourceTree = "<group>";
		};
		BF69D11F2C21872A0005B63B /* Products */ = {
			isa = PBXGroup;
			children = (
				BF69D11E2C21872A0005B63B /* Baby's Diary.app */,
			);
			name = Products;
			sourceTree = "<group>";
		};
		BF69D1202C21872A0005B63B /* Baby's Diary */ = {
			isa = PBXGroup;
			children = (
				BF69D15F2C2777130005B63B /* Resources */,
				BF69D1552C276D420005B63B /* Onboarding */,
				BF69D1212C21872A0005B63B /* AppDelegate.swift */,
				BF69D1232C21872A0005B63B /* SceneDelegate.swift */,
				BF69D12C2C21872D0005B63B /* LaunchScreen.storyboard */,
				BF69D12F2C21872D0005B63B /* Info.plist */,
			);
			path = "Baby's Diary";
			sourceTree = "<group>";
		};
		BF69D1552C276D420005B63B /* Onboarding */ = {
			isa = PBXGroup;
			children = (
				BF69D1622C27780B0005B63B /* Onboarding */,
				BF69D15A2C2774860005B63B /* OnboardingPage */,
			);
			path = Onboarding;
			sourceTree = "<group>";
		};
		BF69D15A2C2774860005B63B /* OnboardingPage */ = {
			isa = PBXGroup;
			children = (
				BF69D1562C276D9B0005B63B /* OnboardingPageView.swift */,
				BF69D1582C2772B90005B63B /* OnboardingPageViewController.swift */,
				BF69D15B2C2774E80005B63B /* OnboardingPageModel.swift */,
				BF69D15D2C27750F0005B63B /* OnboardingPageViewModel.swift */,
			);
			path = OnboardingPage;
			sourceTree = "<group>";
		};
		BF69D15F2C2777130005B63B /* Resources */ = {
			isa = PBXGroup;
			children = (
				BF69D12A2C21872D0005B63B /* Assets.xcassets */,
				BF69D1602C2777560005B63B /* OnboardingData.swift */,
			);
			path = Resources;
			sourceTree = "<group>";
		};
		BF69D1622C27780B0005B63B /* Onboarding */ = {
			isa = PBXGroup;
			children = (
				BF69D1632C28977D0005B63B /* OnboardingViewController.swift */,
				BF69D1652C28982E0005B63B /* OnboardingView.swift */,
			);
			path = Onboarding;
			sourceTree = "<group>";
		};
/* End PBXGroup section */

/* Begin PBXNativeTarget section */
		BF69D11D2C21872A0005B63B /* Baby's Diary */ = {
			isa = PBXNativeTarget;
			buildConfigurationList = BF69D1322C21872D0005B63B /* Build configuration list for PBXNativeTarget "Baby's Diary" */;
			buildPhases = (
				BF69D11A2C21872A0005B63B /* Sources */,
				BF69D11B2C21872A0005B63B /* Frameworks */,
				BF69D11C2C21872A0005B63B /* Resources */,
			);
			buildRules = (
			);
			dependencies = (
			);
			name = "Baby's Diary";
			productName = "Baby's Diary";
			productReference = BF69D11E2C21872A0005B63B /* Baby's Diary.app */;
			productType = "com.apple.product-type.application";
		};
/* End PBXNativeTarget section */

/* Begin PBXProject section */
		BF69D1162C21872A0005B63B /* Project object */ = {
			isa = PBXProject;
			attributes = {
				BuildIndependentTargetsInParallel = 1;
				LastSwiftUpdateCheck = 1540;
				LastUpgradeCheck = 1540;
				TargetAttributes = {
					BF69D11D2C21872A0005B63B = {
						CreatedOnToolsVersion = 15.4;
					};
				};
			};
			buildConfigurationList = BF69D1192C21872A0005B63B /* Build configuration list for PBXProject "Baby's Diary" */;
			compatibilityVersion = "Xcode 14.0";
			developmentRegion = en;
			hasScannedForEncodings = 0;
			knownRegions = (
				en,
				Base,
			);
			mainGroup = BF69D1152C21872A0005B63B;
			productRefGroup = BF69D11F2C21872A0005B63B /* Products */;
			projectDirPath = "";
			projectRoot = "";
			targets = (
				BF69D11D2C21872A0005B63B /* Baby's Diary */,
			);
		};
/* End PBXProject section */

/* Begin PBXResourcesBuildPhase section */
		BF69D11C2C21872A0005B63B /* Resources */ = {
			isa = PBXResourcesBuildPhase;
			buildActionMask = 2147483647;
			files = (
				BF69D12B2C21872D0005B63B /* Assets.xcassets in Resources */,
				BF69D12E2C21872D0005B63B /* Base in Resources */,
			);
			runOnlyForDeploymentPostprocessing = 0;
		};
/* End PBXResourcesBuildPhase section */

/* Begin PBXSourcesBuildPhase section */
		BF69D11A2C21872A0005B63B /* Sources */ = {
			isa = PBXSourcesBuildPhase;
			buildActionMask = 2147483647;
			files = (
				BF69D1572C276D9B0005B63B /* OnboardingPageView.swift in Sources */,
				BF69D15E2C27750F0005B63B /* OnboardingPageViewModel.swift in Sources */,
				BF69D15C2C2774E80005B63B /* OnboardingPageModel.swift in Sources */,
				BF69D1662C28982E0005B63B /* OnboardingView.swift in Sources */,
				BF69D1642C28977D0005B63B /* OnboardingViewController.swift in Sources */,
				BF69D1222C21872A0005B63B /* AppDelegate.swift in Sources */,
				BF69D1242C21872A0005B63B /* SceneDelegate.swift in Sources */,
				BF69D1592C2772B90005B63B /* OnboardingPageViewController.swift in Sources */,
				BF69D1612C2777570005B63B /* OnboardingData.swift in Sources */,
			);
			runOnlyForDeploymentPostprocessing = 0;
		};
/* End PBXSourcesBuildPhase section */

/* Begin PBXVariantGroup section */
		BF69D12C2C21872D0005B63B /* LaunchScreen.storyboard */ = {
			isa = PBXVariantGroup;
			children = (
				BF69D12D2C21872D0005B63B /* Base */,
			);
			name = LaunchScreen.storyboard;
			sourceTree = "<group>";
		};
/* End PBXVariantGroup section */

/* Begin XCBuildConfiguration section */
		BF69D1302C21872D0005B63B /* Debug */ = {
			isa = XCBuildConfiguration;
			buildSettings = {
				ALWAYS_SEARCH_USER_PATHS = NO;
				ASSETCATALOG_COMPILER_GENERATE_SWIFT_ASSET_SYMBOL_EXTENSIONS = YES;
				CLANG_ANALYZER_NONNULL = YES;
				CLANG_ANALYZER_NUMBER_OBJECT_CONVERSION = YES_AGGRESSIVE;
				CLANG_CXX_LANGUAGE_STANDARD = "gnu++20";
				CLANG_ENABLE_MODULES = YES;
				CLANG_ENABLE_OBJC_ARC = YES;
				CLANG_ENABLE_OBJC_WEAK = YES;
				CLANG_WARN_BLOCK_CAPTURE_AUTORELEASING = YES;
				CLANG_WARN_BOOL_CONVERSION = YES;
				CLANG_WARN_COMMA = YES;
				CLANG_WARN_CONSTANT_CONVERSION = YES;
				CLANG_WARN_DEPRECATED_OBJC_IMPLEMENTATIONS = YES;
				CLANG_WARN_DIRECT_OBJC_ISA_USAGE = YES_ERROR;
				CLANG_WARN_DOCUMENTATION_COMMENTS = YES;
				CLANG_WARN_EMPTY_BODY = YES;
				CLANG_WARN_ENUM_CONVERSION = YES;
				CLANG_WARN_INFINITE_RECURSION = YES;
				CLANG_WARN_INT_CONVERSION = YES;
				CLANG_WARN_NON_LITERAL_NULL_CONVERSION = YES;
				CLANG_WARN_OBJC_IMPLICIT_RETAIN_SELF = YES;
				CLANG_WARN_OBJC_LITERAL_CONVERSION = YES;
				CLANG_WARN_OBJC_ROOT_CLASS = YES_ERROR;
				CLANG_WARN_QUOTED_INCLUDE_IN_FRAMEWORK_HEADER = YES;
				CLANG_WARN_RANGE_LOOP_ANALYSIS = YES;
				CLANG_WARN_STRICT_PROTOTYPES = YES;
				CLANG_WARN_SUSPICIOUS_MOVE = YES;
				CLANG_WARN_UNGUARDED_AVAILABILITY = YES_AGGRESSIVE;
				CLANG_WARN_UNREACHABLE_CODE = YES;
				CLANG_WARN__DUPLICATE_METHOD_MATCH = YES;
				COPY_PHASE_STRIP = NO;
				DEBUG_INFORMATION_FORMAT = dwarf;
				ENABLE_STRICT_OBJC_MSGSEND = YES;
				ENABLE_TESTABILITY = YES;
				ENABLE_USER_SCRIPT_SANDBOXING = YES;
				GCC_C_LANGUAGE_STANDARD = gnu17;
				GCC_DYNAMIC_NO_PIC = NO;
				GCC_NO_COMMON_BLOCKS = YES;
				GCC_OPTIMIZATION_LEVEL = 0;
				GCC_PREPROCESSOR_DEFINITIONS = (
					"DEBUG=1",
					"$(inherited)",
				);
				GCC_WARN_64_TO_32_BIT_CONVERSION = YES;
				GCC_WARN_ABOUT_RETURN_TYPE = YES_ERROR;
				GCC_WARN_UNDECLARED_SELECTOR = YES;
				GCC_WARN_UNINITIALIZED_AUTOS = YES_AGGRESSIVE;
				GCC_WARN_UNUSED_FUNCTION = YES;
				GCC_WARN_UNUSED_VARIABLE = YES;
				IPHONEOS_DEPLOYMENT_TARGET = 17.5;
				LOCALIZATION_PREFERS_STRING_CATALOGS = YES;
				MTL_ENABLE_DEBUG_INFO = INCLUDE_SOURCE;
				MTL_FAST_MATH = YES;
				ONLY_ACTIVE_ARCH = YES;
				SDKROOT = iphoneos;
				SWIFT_ACTIVE_COMPILATION_CONDITIONS = "DEBUG $(inherited)";
				SWIFT_OPTIMIZATION_LEVEL = "-Onone";
			};
			name = Debug;
		};
		BF69D1312C21872D0005B63B /* Release */ = {
			isa = XCBuildConfiguration;
			buildSettings = {
				ALWAYS_SEARCH_USER_PATHS = NO;
				ASSETCATALOG_COMPILER_GENERATE_SWIFT_ASSET_SYMBOL_EXTENSIONS = YES;
				CLANG_ANALYZER_NONNULL = YES;
				CLANG_ANALYZER_NUMBER_OBJECT_CONVERSION = YES_AGGRESSIVE;
				CLANG_CXX_LANGUAGE_STANDARD = "gnu++20";
				CLANG_ENABLE_MODULES = YES;
				CLANG_ENABLE_OBJC_ARC = YES;
				CLANG_ENABLE_OBJC_WEAK = YES;
				CLANG_WARN_BLOCK_CAPTURE_AUTORELEASING = YES;
				CLANG_WARN_BOOL_CONVERSION = YES;
				CLANG_WARN_COMMA = YES;
				CLANG_WARN_CONSTANT_CONVERSION = YES;
				CLANG_WARN_DEPRECATED_OBJC_IMPLEMENTATIONS = YES;
				CLANG_WARN_DIRECT_OBJC_ISA_USAGE = YES_ERROR;
				CLANG_WARN_DOCUMENTATION_COMMENTS = YES;
				CLANG_WARN_EMPTY_BODY = YES;
				CLANG_WARN_ENUM_CONVERSION = YES;
				CLANG_WARN_INFINITE_RECURSION = YES;
				CLANG_WARN_INT_CONVERSION = YES;
				CLANG_WARN_NON_LITERAL_NULL_CONVERSION = YES;
				CLANG_WARN_OBJC_IMPLICIT_RETAIN_SELF = YES;
				CLANG_WARN_OBJC_LITERAL_CONVERSION = YES;
				CLANG_WARN_OBJC_ROOT_CLASS = YES_ERROR;
				CLANG_WARN_QUOTED_INCLUDE_IN_FRAMEWORK_HEADER = YES;
				CLANG_WARN_RANGE_LOOP_ANALYSIS = YES;
				CLANG_WARN_STRICT_PROTOTYPES = YES;
				CLANG_WARN_SUSPICIOUS_MOVE = YES;
				CLANG_WARN_UNGUARDED_AVAILABILITY = YES_AGGRESSIVE;
				CLANG_WARN_UNREACHABLE_CODE = YES;
				CLANG_WARN__DUPLICATE_METHOD_MATCH = YES;
				COPY_PHASE_STRIP = NO;
				DEBUG_INFORMATION_FORMAT = "dwarf-with-dsym";
				ENABLE_NS_ASSERTIONS = NO;
				ENABLE_STRICT_OBJC_MSGSEND = YES;
				ENABLE_USER_SCRIPT_SANDBOXING = YES;
				GCC_C_LANGUAGE_STANDARD = gnu17;
				GCC_NO_COMMON_BLOCKS = YES;
				GCC_WARN_64_TO_32_BIT_CONVERSION = YES;
				GCC_WARN_ABOUT_RETURN_TYPE = YES_ERROR;
				GCC_WARN_UNDECLARED_SELECTOR = YES;
				GCC_WARN_UNINITIALIZED_AUTOS = YES_AGGRESSIVE;
				GCC_WARN_UNUSED_FUNCTION = YES;
				GCC_WARN_UNUSED_VARIABLE = YES;
				IPHONEOS_DEPLOYMENT_TARGET = 17.5;
				LOCALIZATION_PREFERS_STRING_CATALOGS = YES;
				MTL_ENABLE_DEBUG_INFO = NO;
				MTL_FAST_MATH = YES;
				SDKROOT = iphoneos;
				SWIFT_COMPILATION_MODE = wholemodule;
				VALIDATE_PRODUCT = YES;
			};
			name = Release;
		};
		BF69D1332C21872D0005B63B /* Debug */ = {
			isa = XCBuildConfiguration;
			buildSettings = {
				ASSETCATALOG_COMPILER_APPICON_NAME = AppIcon;
				ASSETCATALOG_COMPILER_GLOBAL_ACCENT_COLOR_NAME = AccentColor;
				CODE_SIGN_STYLE = Automatic;
				CURRENT_PROJECT_VERSION = 1;
				GENERATE_INFOPLIST_FILE = YES;
				INFOPLIST_FILE = "Baby's Diary/Info.plist";
				INFOPLIST_KEY_UIApplicationSupportsIndirectInputEvents = YES;
				INFOPLIST_KEY_UILaunchStoryboardName = LaunchScreen;
				INFOPLIST_KEY_UISupportedInterfaceOrientations_iPad = "UIInterfaceOrientationPortrait UIInterfaceOrientationPortraitUpsideDown UIInterfaceOrientationLandscapeLeft UIInterfaceOrientationLandscapeRight";
				INFOPLIST_KEY_UISupportedInterfaceOrientations_iPhone = "UIInterfaceOrientationPortrait UIInterfaceOrientationLandscapeLeft UIInterfaceOrientationLandscapeRight";
				LD_RUNPATH_SEARCH_PATHS = (
					"$(inherited)",
					"@executable_path/Frameworks",
				);
				MARKETING_VERSION = 1.0;
				PRODUCT_BUNDLE_IDENTIFIER = "com.rakhymzhan.Baby-s-Diary";
				PRODUCT_NAME = "$(TARGET_NAME)";
				SWIFT_EMIT_LOC_STRINGS = YES;
				SWIFT_VERSION = 5.0;
				TARGETED_DEVICE_FAMILY = "1,2";
			};
			name = Debug;
		};
		BF69D1342C21872D0005B63B /* Release */ = {
			isa = XCBuildConfiguration;
			buildSettings = {
				ASSETCATALOG_COMPILER_APPICON_NAME = AppIcon;
				ASSETCATALOG_COMPILER_GLOBAL_ACCENT_COLOR_NAME = AccentColor;
				CODE_SIGN_STYLE = Automatic;
				CURRENT_PROJECT_VERSION = 1;
				GENERATE_INFOPLIST_FILE = YES;
				INFOPLIST_FILE = "Baby's Diary/Info.plist";
				INFOPLIST_KEY_UIApplicationSupportsIndirectInputEvents = YES;
				INFOPLIST_KEY_UILaunchStoryboardName = LaunchScreen;
				INFOPLIST_KEY_UISupportedInterfaceOrientations_iPad = "UIInterfaceOrientationPortrait UIInterfaceOrientationPortraitUpsideDown UIInterfaceOrientationLandscapeLeft UIInterfaceOrientationLandscapeRight";
				INFOPLIST_KEY_UISupportedInterfaceOrientations_iPhone = "UIInterfaceOrientationPortrait UIInterfaceOrientationLandscapeLeft UIInterfaceOrientationLandscapeRight";
				LD_RUNPATH_SEARCH_PATHS = (
					"$(inherited)",
					"@executable_path/Frameworks",
				);
				MARKETING_VERSION = 1.0;
				PRODUCT_BUNDLE_IDENTIFIER = "com.rakhymzhan.Baby-s-Diary";
				PRODUCT_NAME = "$(TARGET_NAME)";
				SWIFT_EMIT_LOC_STRINGS = YES;
				SWIFT_VERSION = 5.0;
				TARGETED_DEVICE_FAMILY = "1,2";
			};
			name = Release;
		};
/* End XCBuildConfiguration section */

/* Begin XCConfigurationList section */
		BF69D1192C21872A0005B63B /* Build configuration list for PBXProject "Baby's Diary" */ = {
			isa = XCConfigurationList;
			buildConfigurations = (
				BF69D1302C21872D0005B63B /* Debug */,
				BF69D1312C21872D0005B63B /* Release */,
			);
			defaultConfigurationIsVisible = 0;
			defaultConfigurationName = Release;
		};
		BF69D1322C21872D0005B63B /* Build configuration list for PBXNativeTarget "Baby's Diary" */ = {
			isa = XCConfigurationList;
			buildConfigurations = (
				BF69D1332C21872D0005B63B /* Debug */,
				BF69D1342C21872D0005B63B /* Release */,
			);
			defaultConfigurationIsVisible = 0;
			defaultConfigurationName = Release;
		};
/* End XCConfigurationList section */
	};
	rootObject = BF69D1162C21872A0005B63B /* Project object */;
}
